
Microsoft Visual Studio Solution File, Format Version 12.00
# Visual Studio 15
VisualStudioVersion = 15.0.28010.2026
MinimumVisualStudioVersion = 10.0.40219.1
Project("{8BC9CEB8-8B4A-11D0-8D11-00A0C91BC942}") = "king-of-new-york", "king-of-new-york\king-of-new-york.vcxproj", "{37905F0D-D8BF-4AA5-8A71-5DE0FC6B76DA}"
EndProject
Project("{8BC9CEB8-8B4A-11D0-8D11-00A0C91BC942}") = "test-king-of-new-york", "test-king-of-new-york\test-king-of-new-york.vcxproj", "{A582B565-66FB-4C10-BE7A-A98D6219AAEE}"
EndProject
Project("{8BC9CEB8-8B4A-11D0-8D11-00A0C91BC942}") = "a2p4", "a2p4\a2p4.vcxproj", "{5A6DC17D-7CA5-414E-B325-E7988D02D892}"
EndProject
Project("{8BC9CEB8-8B4A-11D0-8D11-00A0C91BC942}") = "a2p6", "a2p6\a2p6.vcxproj", "{DDB9FC18-80DF-4795-9DC1-ED285F5A6DD1}"
EndProject
Project("{8BC9CEB8-8B4A-11D0-8D11-00A0C91BC942}") = "a2p5", "a2p5\a2p5.vcxproj", "{0F804A8C-1213-4D05-A785-C89CF094BAFB}"
EndProject
Project("{8BC9CEB8-8B4A-11D0-8D11-00A0C91BC942}") = "a2p1", "a2p1\a2p1.vcxproj", "{3CA13AA9-82B0-46FC-A05C-493351422E64}"
EndProject
Global
	GlobalSection(SolutionConfigurationPlatforms) = preSolution
		Debug|x64 = Debug|x64
		Debug|x86 = Debug|x86
		Release|x64 = Release|x64
		Release|x86 = Release|x86
	EndGlobalSection
	GlobalSection(ProjectConfigurationPlatforms) = postSolution
		{37905F0D-D8BF-4AA5-8A71-5DE0FC6B76DA}.Debug|x64.ActiveCfg = Debug|x64
		{37905F0D-D8BF-4AA5-8A71-5DE0FC6B76DA}.Debug|x64.Build.0 = Debug|x64
		{37905F0D-D8BF-4AA5-8A71-5DE0FC6B76DA}.Debug|x86.ActiveCfg = Debug|Win32
		{37905F0D-D8BF-4AA5-8A71-5DE0FC6B76DA}.Debug|x86.Build.0 = Debug|Win32
		{37905F0D-D8BF-4AA5-8A71-5DE0FC6B76DA}.Release|x64.ActiveCfg = Release|x64
		{37905F0D-D8BF-4AA5-8A71-5DE0FC6B76DA}.Release|x64.Build.0 = Release|x64
		{37905F0D-D8BF-4AA5-8A71-5DE0FC6B76DA}.Release|x86.ActiveCfg = Release|Win32
		{37905F0D-D8BF-4AA5-8A71-5DE0FC6B76DA}.Release|x86.Build.0 = Release|Win32
		{A582B565-66FB-4C10-BE7A-A98D6219AAEE}.Debug|x64.ActiveCfg = Debug|x64
		{A582B565-66FB-4C10-BE7A-A98D6219AAEE}.Debug|x64.Build.0 = Debug|x64
		{A582B565-66FB-4C10-BE7A-A98D6219AAEE}.Debug|x86.ActiveCfg = Debug|Win32
		{A582B565-66FB-4C10-BE7A-A98D6219AAEE}.Debug|x86.Build.0 = Debug|Win32
		{A582B565-66FB-4C10-BE7A-A98D6219AAEE}.Release|x64.ActiveCfg = Release|x64
		{A582B565-66FB-4C10-BE7A-A98D6219AAEE}.Release|x64.Build.0 = Release|x64
		{A582B565-66FB-4C10-BE7A-A98D6219AAEE}.Release|x86.ActiveCfg = Release|Win32
		{A582B565-66FB-4C10-BE7A-A98D6219AAEE}.Release|x86.Build.0 = Release|Win32
		{5A6DC17D-7CA5-414E-B325-E7988D02D892}.Debug|x64.ActiveCfg = Debug|x64
		{5A6DC17D-7CA5-414E-B325-E7988D02D892}.Debug|x64.Build.0 = Debug|x64
		{5A6DC17D-7CA5-414E-B325-E7988D02D892}.Debug|x86.ActiveCfg = Debug|Win32
		{5A6DC17D-7CA5-414E-B325-E7988D02D892}.Debug|x86.Build.0 = Debug|Win32
		{5A6DC17D-7CA5-414E-B325-E7988D02D892}.Release|x64.ActiveCfg = Release|x64
		{5A6DC17D-7CA5-414E-B325-E7988D02D892}.Release|x64.Build.0 = Release|x64
		{5A6DC17D-7CA5-414E-B325-E7988D02D892}.Release|x86.ActiveCfg = Release|Win32
		{5A6DC17D-7CA5-414E-B325-E7988D02D892}.Release|x86.Build.0 = Release|Win32
		{DDB9FC18-80DF-4795-9DC1-ED285F5A6DD1}.Debug|x64.ActiveCfg = Debug|x64
		{DDB9FC18-80DF-4795-9DC1-ED285F5A6DD1}.Debug|x64.Build.0 = Debug|x64
		{DDB9FC18-80DF-4795-9DC1-ED285F5A6DD1}.Debug|x86.ActiveCfg = Debug|Win32
		{DDB9FC18-80DF-4795-9DC1-ED285F5A6DD1}.Debug|x86.Build.0 = Debug|Win32
		{DDB9FC18-80DF-4795-9DC1-ED285F5A6DD1}.Release|x64.ActiveCfg = Release|x64
		{DDB9FC18-80DF-4795-9DC1-ED285F5A6DD1}.Release|x64.Build.0 = Release|x64
		{DDB9FC18-80DF-4795-9DC1-ED285F5A6DD1}.Release|x86.ActiveCfg = Release|Win32
		{DDB9FC18-80DF-4795-9DC1-ED285F5A6DD1}.Release|x86.Build.0 = Release|Win32
		{0F804A8C-1213-4D05-A785-C89CF094BAFB}.Debug|x64.ActiveCfg = Debug|x64
		{0F804A8C-1213-4D05-A785-C89CF094BAFB}.Debug|x64.Build.0 = Debug|x64
		{0F804A8C-1213-4D05-A785-C89CF094BAFB}.Debug|x86.ActiveCfg = Debug|Win32
		{0F804A8C-1213-4D05-A785-C89CF094BAFB}.Debug|x86.Build.0 = Debug|Win32
		{0F804A8C-1213-4D05-A785-C89CF094BAFB}.Release|x64.ActiveCfg = Release|x64
		{0F804A8C-1213-4D05-A785-C89CF094BAFB}.Release|x64.Build.0 = Release|x64
		{0F804A8C-1213-4D05-A785-C89CF094BAFB}.Release|x86.ActiveCfg = Release|Win32
		{0F804A8C-1213-4D05-A785-C89CF094BAFB}.Release|x86.Build.0 = Release|Win32
		{3CA13AA9-82B0-46FC-A05C-493351422E64}.Debug|x64.ActiveCfg = Debug|x64
		{3CA13AA9-82B0-46FC-A05C-493351422E64}.Debug|x64.Build.0 = Debug|x64
		{3CA13AA9-82B0-46FC-A05C-493351422E64}.Debug|x86.ActiveCfg = Debug|Win32
		{3CA13AA9-82B0-46FC-A05C-493351422E64}.Debug|x86.Build.0 = Debug|Win32
		{3CA13AA9-82B0-46FC-A05C-493351422E64}.Release|x64.ActiveCfg = Release|x64
		{3CA13AA9-82B0-46FC-A05C-493351422E64}.Release|x64.Build.0 = Release|x64
		{3CA13AA9-82B0-46FC-A05C-493351422E64}.Release|x86.ActiveCfg = Release|Win32
		{3CA13AA9-82B0-46FC-A05C-493351422E64}.Release|x86.Build.0 = Release|Win32
	EndGlobalSection
	GlobalSection(SolutionProperties) = preSolution
		HideSolutionNode = FALSE
	EndGlobalSection
	GlobalSection(ExtensibilityGlobals) = postSolution
		SolutionGuid = {02FD9927-1A10-4543-B17C-B96EFD99C2EC}
	EndGlobalSection
EndGlobal
