<?xml version="1.0" encoding="utf-8"?>
<Project ToolsVersion="4.0" xmlns="http://schemas.microsoft.com/developer/msbuild/2003">
  <ItemGroup>
    <Filter Include="Source Files">
      <UniqueIdentifier>{4FC737F1-C7A5-4376-A066-2A32D752A2FF}</UniqueIdentifier>
      <Extensions>cpp;c;cc;cxx;def;odl;idl;hpj;bat;asm;asmx</Extensions>
    </Filter>
    <Filter Include="Header Files">
      <UniqueIdentifier>{93995380-89BD-4b04-88EB-625FBE52EBFB}</UniqueIdentifier>
      <Extensions>h;hh;hpp;hxx;hm;inl;inc;ipp;xsd</Extensions>
    </Filter>
    <Filter Include="Resource Files">
      <UniqueIdentifier>{67DA6AB6-F800-4c08-8B7A-83BB121AAD01}</UniqueIdentifier>
      <Extensions>rc;ico;cur;bmp;dlg;rc2;rct;bin;rgs;gif;jpg;jpeg;jpe;resx;tiff;tif;png;wav;mfcribbon-ms</Extensions>
    </Filter>
  </ItemGroup>
  <ItemGroup>
    <ClCompile Include="a4p2.cpp">
      <Filter>Source Files</Filter>
    </ClCompile>
    <ClCompile Include="..\king-of-new-york\GameManager.cpp">
      <Filter>Source Files</Filter>
    </ClCompile>
    <ClCompile Include="..\king-of-new-york\PieceManager.cpp">
      <Filter>Source Files</Filter>
    </ClCompile>
    <ClCompile Include="..\king-of-new-york\GameCard.cpp">
      <Filter>Source Files</Filter>
    </ClCompile>
    <ClCompile Include="..\king-of-new-york\CardPlayedSubject.cpp">
      <Filter>Source Files</Filter>
    </ClCompile>
    <ClCompile Include="..\king-of-new-york\CardPlayedView.cpp">
      <Filter>Source Files</Filter>
    </ClCompile>
    <ClCompile Include="..\king-of-new-york\Util.cpp">
      <Filter>Source Files</Filter>
    </ClCompile>
    <ClCompile Include="..\king-of-new-york\Token.cpp">
      <Filter>Source Files</Filter>
    </ClCompile>
    <ClCompile Include="..\king-of-new-york\Tile.cpp">
      <Filter>Source Files</Filter>
    </ClCompile>
    <ClCompile Include="..\king-of-new-york\PlayerStrategyDirector.cpp">
      <Filter>Source Files</Filter>
    </ClCompile>
    <ClCompile Include="..\king-of-new-york\PlayerStrategyBuilder.cpp">
      <Filter>Source Files</Filter>
    </ClCompile>
    <ClCompile Include="..\king-of-new-york\PlayerStrategy.cpp">
      <Filter>Source Files</Filter>
    </ClCompile>
    <ClCompile Include="..\king-of-new-york\PlayerStateMachine.cpp">
      <Filter>Source Files</Filter>
    </ClCompile>
    <ClCompile Include="..\king-of-new-york\Player.cpp">
      <Filter>Source Files</Filter>
    </ClCompile>
    <ClCompile Include="..\king-of-new-york\PhaseView.cpp">
      <Filter>Source Files</Filter>
    </ClCompile>
    <ClCompile Include="..\king-of-new-york\PhaseSubject.cpp">
      <Filter>Source Files</Filter>
    </ClCompile>
    <ClCompile Include="..\king-of-new-york\MonsterCard.cpp">
      <Filter>Source Files</Filter>
    </ClCompile>
    <ClCompile Include="..\king-of-new-york\ModeratePlayerStrategyBuilder.cpp">
      <Filter>Source Files</Filter>
    </ClCompile>
    <ClCompile Include="..\king-of-new-york\ModerateMovingStrategy.cpp">
      <Filter>Source Files</Filter>
    </ClCompile>
    <ClCompile Include="..\king-of-new-york\ModerateDiceRollingStrategy.cpp">
      <Filter>Source Files</Filter>
    </ClCompile>
    <ClCompile Include="..\king-of-new-york\ModerateDiceResolvingStrategy.cpp">
      <Filter>Source Files</Filter>
    </ClCompile>
    <ClCompile Include="..\king-of-new-york\ModerateBuyingCardsStrategy.cpp">
      <Filter>Source Files</Filter>
    </ClCompile>
    <ClCompile Include="..\king-of-new-york\KeepCard.cpp">
      <Filter>Source Files</Filter>
    </ClCompile>
    <ClCompile Include="..\king-of-new-york\InteractivePlayerStrategyBuilder.cpp">
      <Filter>Source Files</Filter>
    </ClCompile>
    <ClCompile Include="..\king-of-new-york\InteractiveMovingStrategy.cpp">
      <Filter>Source Files</Filter>
    </ClCompile>
    <ClCompile Include="..\king-of-new-york\InteractiveDiceRollingStrategy.cpp">
      <Filter>Source Files</Filter>
    </ClCompile>
    <ClCompile Include="..\king-of-new-york\InteractiveDiceResolvingStrategy.cpp">
      <Filter>Source Files</Filter>
    </ClCompile>
    <ClCompile Include="..\king-of-new-york\InteractiveBuyingCardsStrategy.cpp">
      <Filter>Source Files</Filter>
    </ClCompile>
    <ClCompile Include="..\king-of-new-york\GoalCard.cpp">
      <Filter>Source Files</Filter>
    </ClCompile>
    <ClCompile Include="..\king-of-new-york\GameStatisticView.cpp">
      <Filter>Source Files</Filter>
    </ClCompile>
    <ClCompile Include="..\king-of-new-york\GameStatisticSubject.cpp">
      <Filter>Source Files</Filter>
    </ClCompile>
    <ClCompile Include="..\king-of-new-york\GameMapNode.cpp">
      <Filter>Source Files</Filter>
    </ClCompile>
    <ClCompile Include="..\king-of-new-york\GameMapLoader.cpp">
      <Filter>Source Files</Filter>
    </ClCompile>
    <ClCompile Include="..\king-of-new-york\GameMap.cpp">
      <Filter>Source Files</Filter>
    </ClCompile>
    <ClCompile Include="..\king-of-new-york\DiscardCard.cpp">
      <Filter>Source Files</Filter>
    </ClCompile>
    <ClCompile Include="..\king-of-new-york\Die.cpp">
      <Filter>Source Files</Filter>
    </ClCompile>
    <ClCompile Include="..\king-of-new-york\DiceRollingFacility.cpp">
      <Filter>Source Files</Filter>
    </ClCompile>
    <ClCompile Include="..\king-of-new-york\DiceRoll.cpp">
      <Filter>Source Files</Filter>
    </ClCompile>
    <ClCompile Include="..\king-of-new-york\DeckCard-impl.cpp">
      <Filter>Source Files</Filter>
    </ClCompile>
    <ClCompile Include="..\king-of-new-york\Deck.cpp">
      <Filter>Source Files</Filter>
    </ClCompile>
    <ClCompile Include="..\king-of-new-york\Card.cpp">
      <Filter>Source Files</Filter>
    </ClCompile>
    <ClCompile Include="..\king-of-new-york\AggresiveMovingStrategy.cpp">
      <Filter>Source Files</Filter>
    </ClCompile>
    <ClCompile Include="..\king-of-new-york\AggresiveDiceRollingStrategy.cpp">
      <Filter>Source Files</Filter>
    </ClCompile>
    <ClCompile Include="..\king-of-new-york\AggresiveDiceResolvingStrategy.cpp">
      <Filter>Source Files</Filter>
    </ClCompile>
    <ClCompile Include="..\king-of-new-york\AggresiveBuyingCardsStrategy.cpp">
      <Filter>Source Files</Filter>
    </ClCompile>
    <ClCompile Include="..\king-of-new-york\AggesivePlayerStrategyBuilder.cpp">
      <Filter>Source Files</Filter>
    </ClCompile>
  </ItemGroup>
  <ItemGroup>
    <ClInclude Include="..\king-of-new-york\PieceManager.h">
      <Filter>Header Files</Filter>
    </ClInclude>
    <ClInclude Include="..\king-of-new-york\GameManager.h">
      <Filter>Header Files</Filter>
    </ClInclude>
    <ClInclude Include="..\king-of-new-york\CardPlayedObserver.h">
      <Filter>Header Files</Filter>
    </ClInclude>
    <ClInclude Include="..\king-of-new-york\CardPlayedView.h">
      <Filter>Header Files</Filter>
    </ClInclude>
    <ClInclude Include="..\king-of-new-york\GameCard.h">
      <Filter>Header Files</Filter>
    </ClInclude>
    <ClInclude Include="..\king-of-new-york\CardPlayedSubject.h">
      <Filter>Header Files</Filter>
    </ClInclude>
    <ClInclude Include="..\king-of-new-york\CardPlayedInterface.h">
      <Filter>Header Files</Filter>
    </ClInclude>
    <ClInclude Include="..\king-of-new-york\Util.h">
      <Filter>Header Files</Filter>
    </ClInclude>
    <ClInclude Include="..\king-of-new-york\Token.h">
      <Filter>Header Files</Filter>
    </ClInclude>
    <ClInclude Include="..\king-of-new-york\Tile.h">
      <Filter>Header Files</Filter>
    </ClInclude>
    <ClInclude Include="..\king-of-new-york\PlayerStrategyDirector.h">
      <Filter>Header Files</Filter>
    </ClInclude>
    <ClInclude Include="..\king-of-new-york\PlayerStrategyBuilder.h">
      <Filter>Header Files</Filter>
    </ClInclude>
    <ClInclude Include="..\king-of-new-york\PlayerStrategy.h">
      <Filter>Header Files</Filter>
    </ClInclude>
    <ClInclude Include="..\king-of-new-york\PlayerStateMachine.h">
      <Filter>Header Files</Filter>
    </ClInclude>
    <ClInclude Include="..\king-of-new-york\Player.h">
      <Filter>Header Files</Filter>
    </ClInclude>
    <ClInclude Include="..\king-of-new-york\PhaseView.h">
      <Filter>Header Files</Filter>
    </ClInclude>
    <ClInclude Include="..\king-of-new-york\PhaseSubject.h">
      <Filter>Header Files</Filter>
    </ClInclude>
    <ClInclude Include="..\king-of-new-york\PhaseObserverInterface.h">
      <Filter>Header Files</Filter>
    </ClInclude>
    <ClInclude Include="..\king-of-new-york\MovingStrategy.h">
      <Filter>Header Files</Filter>
    </ClInclude>
    <ClInclude Include="..\king-of-new-york\PhaseObserver.h">
      <Filter>Header Files</Filter>
    </ClInclude>
    <ClInclude Include="..\king-of-new-york\MonsterCard.h">
      <Filter>Header Files</Filter>
    </ClInclude>
    <ClInclude Include="..\king-of-new-york\ModeratePlayerStrategyBuilder.h">
      <Filter>Header Files</Filter>
    </ClInclude>
    <ClInclude Include="..\king-of-new-york\ModerateMovingStrategy.h">
      <Filter>Header Files</Filter>
    </ClInclude>
    <ClInclude Include="..\king-of-new-york\ModerateDiceRollingStrategy.h">
      <Filter>Header Files</Filter>
    </ClInclude>
    <ClInclude Include="..\king-of-new-york\ModerateDiceResolvingStrategy.h">
      <Filter>Header Files</Filter>
    </ClInclude>
    <ClInclude Include="..\king-of-new-york\ModerateBuyingCardsStrategy.h">
      <Filter>Header Files</Filter>
    </ClInclude>
    <ClInclude Include="..\king-of-new-york\KeepCard.h">
      <Filter>Header Files</Filter>
    </ClInclude>
    <ClInclude Include="..\king-of-new-york\InteractivePlayerStrategyBuilder.h">
      <Filter>Header Files</Filter>
    </ClInclude>
    <ClInclude Include="..\king-of-new-york\InteractiveMovingStrategy.h">
      <Filter>Header Files</Filter>
    </ClInclude>
    <ClInclude Include="..\king-of-new-york\InteractiveDiceRollingStrategy.h">
      <Filter>Header Files</Filter>
    </ClInclude>
    <ClInclude Include="..\king-of-new-york\InteractiveDiceResolvingStrategy.h">
      <Filter>Header Files</Filter>
    </ClInclude>
    <ClInclude Include="..\king-of-new-york\InteractiveBuyingCardsStrategy.h">
      <Filter>Header Files</Filter>
    </ClInclude>
    <ClInclude Include="..\king-of-new-york\GoalCard.h">
      <Filter>Header Files</Filter>
    </ClInclude>
    <ClInclude Include="..\king-of-new-york\GameStatisticView.h">
      <Filter>Header Files</Filter>
    </ClInclude>
    <ClInclude Include="..\king-of-new-york\GameStatisticSubject.h">
      <Filter>Header Files</Filter>
    </ClInclude>
    <ClInclude Include="..\king-of-new-york\GameStatisticInterface.h">
      <Filter>Header Files</Filter>
    </ClInclude>
    <ClInclude Include="..\king-of-new-york\GameStatisticObserver.h">
      <Filter>Header Files</Filter>
    </ClInclude>
    <ClInclude Include="..\king-of-new-york\GameMapNode.h">
      <Filter>Header Files</Filter>
    </ClInclude>
    <ClInclude Include="..\king-of-new-york\GameMapLoader.h">
      <Filter>Header Files</Filter>
    </ClInclude>
    <ClInclude Include="..\king-of-new-york\GameMap.h">
      <Filter>Header Files</Filter>
    </ClInclude>
    <ClInclude Include="..\king-of-new-york\EnergyCube.h">
      <Filter>Header Files</Filter>
    </ClInclude>
    <ClInclude Include="..\king-of-new-york\DiscardCard.h">
      <Filter>Header Files</Filter>
    </ClInclude>
    <ClInclude Include="..\king-of-new-york\Die.h">
      <Filter>Header Files</Filter>
    </ClInclude>
    <ClInclude Include="..\king-of-new-york\DiceRollingStrategy.h">
      <Filter>Header Files</Filter>
    </ClInclude>
    <ClInclude Include="..\king-of-new-york\DiceRollingFacility.h">
      <Filter>Header Files</Filter>
    </ClInclude>
    <ClInclude Include="..\king-of-new-york\DiceRoll.h">
      <Filter>Header Files</Filter>
    </ClInclude>
    <ClInclude Include="..\king-of-new-york\DiceResolvingStrategy.h">
      <Filter>Header Files</Filter>
    </ClInclude>
    <ClInclude Include="..\king-of-new-york\Deck.h">
      <Filter>Header Files</Filter>
    </ClInclude>
    <ClInclude Include="..\king-of-new-york\Card.h">
      <Filter>Header Files</Filter>
    </ClInclude>
    <ClInclude Include="..\king-of-new-york\AggresivePlayerStrategyBuilder.h">
      <Filter>Header Files</Filter>
    </ClInclude>
    <ClInclude Include="..\king-of-new-york\BuyingCardsStrategy.h">
      <Filter>Header Files</Filter>
    </ClInclude>
    <ClInclude Include="..\king-of-new-york\AggresiveMovingStrategy.h">
      <Filter>Header Files</Filter>
    </ClInclude>
    <ClInclude Include="..\king-of-new-york\AggresiveDiceRollingStrategy.h">
      <Filter>Header Files</Filter>
    </ClInclude>
    <ClInclude Include="..\king-of-new-york\AggresiveDiceResolvingStrategy.h">
      <Filter>Header Files</Filter>
    </ClInclude>
    <ClInclude Include="..\king-of-new-york\AggresiveBuyingCardsStrategy.h">
      <Filter>Header Files</Filter>
    </ClInclude>
  </ItemGroup>
</Project>